
Microsoft Visual Studio Solution File, Format Version 12.00
# Visual Studio Version 17
VisualStudioVersion = 17.2.32616.157
MinimumVisualStudioVersion = 10.0.40219.1
Project("{FAE04EC0-301F-11D3-BF4B-00C04F79EFBC}") = "PaginationSample", "PaginationSample\PaginationSample.csproj", "{5B9D0C41-D77F-4B03-BF42-44BC50526242}"
EndProject
Global
	GlobalSection(SolutionConfigurationPlatforms) = preSolution
		Debug|Any CPU = Debug|Any CPU
		Release|Any CPU = Release|Any CPU
	EndGlobalSection
	GlobalSection(ProjectConfigurationPlatforms) = postSolution
		{5B9D0C41-D77F-4B03-BF42-44BC50526242}.Debug|Any CPU.ActiveCfg = Debug|Any CPU
		{5B9D0C41-D77F-4B03-BF42-44BC50526242}.Debug|Any CPU.Build.0 = Debug|Any CPU
		{5B9D0C41-D77F-4B03-BF42-44BC50526242}.Release|Any CPU.ActiveCfg = Release|Any CPU
		{5B9D0C41-D77F-4B03-BF42-44BC50526242}.Release|Any CPU.Build.0 = Release|Any CPU
	EndGlobalSection
	GlobalSection(SolutionProperties) = preSolution
		HideSolutionNode = FALSE
	EndGlobalSection
	GlobalSection(ExtensibilityGlobals) = postSolution
		SolutionGuid = {6D506A43-22A3-4058-B4F8-3023FB326740}
	EndGlobalSection
EndGlobal
